
Microsoft Visual Studio Solution File, Format Version 12.00
# Visual Studio 15
VisualStudioVersion = 15.0.28307.572
MinimumVisualStudioVersion = 10.0.40219.1
Project("{FAE04EC0-301F-11D3-BF4B-00C04F79EFBC}") = "BTPrinter.BE", "BTPrinter.BE\BTPrinter.BE.csproj", "{4F437EF3-C94C-4EF0-A30A-472931B8DD75}"
EndProject
Project("{FAE04EC0-301F-11D3-BF4B-00C04F79EFBC}") = "BTPrinter.Forms", "BTPrinter.Forms\BTPrinter.Forms.csproj", "{58BF4DA0-09C4-4137-AF6D-FC418DD1AB25}"
EndProject
Global
	GlobalSection(SolutionConfigurationPlatforms) = preSolution
		Debug|Any CPU = Debug|Any CPU
		Release|Any CPU = Release|Any CPU
	EndGlobalSection
	GlobalSection(ProjectConfigurationPlatforms) = postSolution
		{4F437EF3-C94C-4EF0-A30A-472931B8DD75}.Debug|Any CPU.ActiveCfg = Debug|Any CPU
		{4F437EF3-C94C-4EF0-A30A-472931B8DD75}.Debug|Any CPU.Build.0 = Debug|Any CPU
		{4F437EF3-C94C-4EF0-A30A-472931B8DD75}.Release|Any CPU.ActiveCfg = Release|Any CPU
		{4F437EF3-C94C-4EF0-A30A-472931B8DD75}.Release|Any CPU.Build.0 = Release|Any CPU
		{58BF4DA0-09C4-4137-AF6D-FC418DD1AB25}.Debug|Any CPU.ActiveCfg = Debug|Any CPU
		{58BF4DA0-09C4-4137-AF6D-FC418DD1AB25}.Debug|Any CPU.Build.0 = Debug|Any CPU
		{58BF4DA0-09C4-4137-AF6D-FC418DD1AB25}.Release|Any CPU.ActiveCfg = Release|Any CPU
		{58BF4DA0-09C4-4137-AF6D-FC418DD1AB25}.Release|Any CPU.Build.0 = Release|Any CPU
	EndGlobalSection
	GlobalSection(SolutionProperties) = preSolution
		HideSolutionNode = FALSE
	EndGlobalSection
	GlobalSection(ExtensibilityGlobals) = postSolution
		SolutionGuid = {24B9C054-64B9-4C67-96DB-6547E6245B5B}
	EndGlobalSection
EndGlobal
